github.com/gorilla/mux v1.8.1 h1:TuBL49tXwgrFYWhqrNgrUNEY92u81SPhu7sTdzQEiWY=
github.com/gorilla/mux v1.8.1/go.mod h1:AKf9I4AEqPTmMytcMc0KkNouC66V3BtZ4qD5fmWSiMQ=
github.com/rabbitmq/amqp091-go v1.11.0 h1:HxIctVm9Gid/Vtn706necmZ7Wj6pgGI2eqplRbEY8O8=
github.com/rabbitmq/amqp091-go v1.11.0/go.mod h1:Hy4jKW5kQART1u+JkDTF9YYOQUHXqMuhrgxOEeS7G4o=
